<?xml version="1.0" encoding="utf-8"?>
<Project ToolsVersion="4.0" xmlns="http://schemas.microsoft.com/developer/msbuild/2003">
  <ItemGroup>
    <Filter Include="Source Files">
      <UniqueIdentifier>{4FC737F1-C7A5-4376-A066-2A32D752A2FF}</UniqueIdentifier>
      <Extensions>cpp;c;cc;cxx;def;odl;idl;hpj;bat;asm;asmx</Extensions>
    </Filter>
    <Filter Include="Header Files">
      <UniqueIdentifier>{93995380-89BD-4b04-88EB-625FBE52EBFB}</UniqueIdentifier>
      <Extensions>h;hh;hpp;hxx;hm;inl;inc;xsd</Extensions>
    </Filter>
    <Filter Include="Resource Files">
      <UniqueIdentifier>{67DA6AB6-F800-4c08-8B7A-83BB121AAD01}</UniqueIdentifier>
      <Extensions>rc;ico;cur;bmp;dlg;rc2;rct;bin;rgs;gif;jpg;jpeg;jpe;resx;tiff;tif;png;wav;mfcribbon-ms</Extensions>
    </Filter>
    <Filter Include="World">
      <UniqueIdentifier>{57ef995b-3e62-42b5-9d0b-eb8f44355051}</UniqueIdentifier>
    </Filter>
    <Filter Include="Visualisation">
      <UniqueIdentifier>{07d6f3d0-12dc-4d55-a7af-add8d0b6a6b0}</UniqueIdentifier>
    </Filter>
  </ItemGroup>
  <ItemGroup>
    <ClCompile Include="main.cpp">
      <Filter>Source Files</Filter>
    </ClCompile>
    <ClCompile Include="Rectangle.cpp">
      <Filter>Source Files</Filter>
    </ClCompile>
    <ClCompile Include="Vector2.cpp">
      <Filter>Source Files</Filter>
    </ClCompile>
    <ClCompile Include="Visualisation.cpp">
      <Filter>Visualisation</Filter>
    </ClCompile>
    <ClCompile Include="Sprite.cpp">
      <Filter>Visualisation</Filter>
    </ClCompile>
    <ClCompile Include="BackgroundEntity.cpp">
      <Filter>World</Filter>
    </ClCompile>
    <ClCompile Include="EnemyEntity.cpp">
      <Filter>World</Filter>
    </ClCompile>
    <ClCompile Include="Entity.cpp">
      <Filter>World</Filter>
    </ClCompile>
    <ClCompile Include="PlayerEntity.cpp">
      <Filter>World</Filter>
    </ClCompile>
    <ClCompile Include="World.cpp">
      <Filter>World</Filter>
    </ClCompile>
    <ClCompile Include="ShotEntity.cpp">
      <Filter>World</Filter>
    </ClCompile>
  </ItemGroup>
  <ItemGroup>
    <ClInclude Include="Rectangle.h">
      <Filter>Header Files</Filter>
    </ClInclude>
    <ClInclude Include="Vector2.h">
      <Filter>Header Files</Filter>
    </ClInclude>
    <ClInclude Include="Visualisation.h">
      <Filter>Visualisation</Filter>
    </ClInclude>
    <ClInclude Include="Sprite.h">
      <Filter>Visualisation</Filter>
    </ClInclude>
    <ClInclude Include="BackgroundEntity.h">
      <Filter>World</Filter>
    </ClInclude>
    <ClInclude Include="EnemyEntity.h">
      <Filter>World</Filter>
    </ClInclude>
    <ClInclude Include="Entity.h">
      <Filter>World</Filter>
    </ClInclude>
    <ClInclude Include="PlayerEntity.h">
      <Filter>World</Filter>
    </ClInclude>
    <ClInclude Include="World.h">
      <Filter>World</Filter>
    </ClInclude>
    <ClInclude Include="ShotEntity.h">
      <Filter>World</Filter>
    </ClInclude>
  </ItemGroup>
</Project>